// !$*UTF8*$!
{
	archiveVersion = 1;
	classes = {
	};
	objectVersion = 46;
	objects = {

/* Begin PBXBuildFile section */
		4F45EAD11E8DF46B00883E80 /* BaseEntity.m in Sources */ = {isa = PBXBuildFile; fileRef = 4F45EAC81E8DF46B00883E80 /* BaseEntity.m */; };
		4F45EAD21E8DF46B00883E80 /* LoginEntity.m in Sources */ = {isa = PBXBuildFile; fileRef = 4F45EACA1E8DF46B00883E80 /* LoginEntity.m */; };
		4F45EAD31E8DF46B00883E80 /* LoginResultDomainUserEntity.m in Sources */ = {isa = PBXBuildFile; fileRef = 4F45EACC1E8DF46B00883E80 /* LoginResultDomainUserEntity.m */; };
		4F45EAD41E8DF46B00883E80 /* LoginResultEntity.m in Sources */ = {isa = PBXBuildFile; fileRef = 4F45EACE1E8DF46B00883E80 /* LoginResultEntity.m */; };
		4F45EAD51E8DF46B00883E80 /* SubBaseEntity.m in Sources */ = {isa = PBXBuildFile; fileRef = 4F45EAD01E8DF46B00883E80 /* SubBaseEntity.m */; };
		4F45EADE1E8DF47D00883E80 /* ViewControllerCell.m in Sources */ = {isa = PBXBuildFile; fileRef = 4F45EAD91E8DF47D00883E80 /* ViewControllerCell.m */; };
		4F45EADF1E8DF47D00883E80 /* ViewControllerCell.xib in Resources */ = {isa = PBXBuildFile; fileRef = 4F45EADA1E8DF47D00883E80 /* ViewControllerCell.xib */; };
		4F45EAE01E8DF47D00883E80 /* DemoViewController.m in Sources */ = {isa = PBXBuildFile; fileRef = 4F45EADD1E8DF47D00883E80 /* DemoViewController.m */; };
		4F45EAE91E8DF4A600883E80 /* FruitTableAdapter.m in Sources */ = {isa = PBXBuildFile; fileRef = 4F45EAE31E8DF4A500883E80 /* FruitTableAdapter.m */; };
		4F45EAEA1E8DF4A600883E80 /* HKBaseApi.m in Sources */ = {isa = PBXBuildFile; fileRef = 4F45EAE61E8DF4A500883E80 /* HKBaseApi.m */; };
		4F45EAEB1E8DF4A600883E80 /* LoginApi.m in Sources */ = {isa = PBXBuildFile; fileRef = 4F45EAE81E8DF4A500883E80 /* LoginApi.m */; };
		4F45EB2A1E8DF4BD00883E80 /* CENTANETKeyChain.m in Sources */ = {isa = PBXBuildFile; fileRef = 4F45EB141E8DF4BD00883E80 /* CENTANETKeyChain.m */; };
		4F45EB2B1E8DF4BD00883E80 /* NSString+MD5Additions.m in Sources */ = {isa = PBXBuildFile; fileRef = 4F45EB161E8DF4BD00883E80 /* NSString+MD5Additions.m */; };
		4F45EB2C1E8DF4BD00883E80 /* UIDevice+CENTANETAdditions.m in Sources */ = {isa = PBXBuildFile; fileRef = 4F45EB181E8DF4BD00883E80 /* UIDevice+CENTANETAdditions.m */; };
		4F45EB321E8DF4E900883E80 /* FristPresenter.m in Sources */ = {isa = PBXBuildFile; fileRef = 4F45EB2F1E8DF4E900883E80 /* FristPresenter.m */; };
		4F45EB331E8DF4E900883E80 /* MainPresenter.m in Sources */ = {isa = PBXBuildFile; fileRef = 4F45EB311E8DF4E900883E80 /* MainPresenter.m */; };
		4F45EB5A1E8DF56F00883E80 /* EXTRuntimeExtensions.m in Sources */ = {isa = PBXBuildFile; fileRef = 4F45EB3A1E8DF56F00883E80 /* EXTRuntimeExtensions.m */; };
		4F45EB5B1E8DF57000883E80 /* EXTScope.m in Sources */ = {isa = PBXBuildFile; fileRef = 4F45EB3C1E8DF56F00883E80 /* EXTScope.m */; };
		4F45EB5C1E8DF57000883E80 /* MTLJSONAdapter.m in Sources */ = {isa = PBXBuildFile; fileRef = 4F45EB401E8DF56F00883E80 /* MTLJSONAdapter.m */; };
		4F45EB5D1E8DF57000883E80 /* MTLManagedObjectAdapter.m in Sources */ = {isa = PBXBuildFile; fileRef = 4F45EB421E8DF56F00883E80 /* MTLManagedObjectAdapter.m */; };
		4F45EB5E1E8DF57000883E80 /* MTLModel+NSCoding.m in Sources */ = {isa = PBXBuildFile; fileRef = 4F45EB441E8DF56F00883E80 /* MTLModel+NSCoding.m */; };
		4F45EB5F1E8DF57000883E80 /* MTLModel.m in Sources */ = {isa = PBXBuildFile; fileRef = 4F45EB461E8DF56F00883E80 /* MTLModel.m */; };
		4F45EB601E8DF57000883E80 /* MTLReflection.m in Sources */ = {isa = PBXBuildFile; fileRef = 4F45EB481E8DF56F00883E80 /* MTLReflection.m */; };
		4F45EB611E8DF57000883E80 /* MTLValueTransformer.m in Sources */ = {isa = PBXBuildFile; fileRef = 4F45EB4A1E8DF56F00883E80 /* MTLValueTransformer.m */; };
		4F45EB621E8DF57000883E80 /* NSArray+MTLManipulationAdditions.m in Sources */ = {isa = PBXBuildFile; fileRef = 4F45EB4C1E8DF56F00883E80 /* NSArray+MTLManipulationAdditions.m */; };
		4F45EB631E8DF57000883E80 /* NSDictionary+MTLManipulationAdditions.m in Sources */ = {isa = PBXBuildFile; fileRef = 4F45EB4E1E8DF56F00883E80 /* NSDictionary+MTLManipulationAdditions.m */; };
		4F45EB641E8DF57000883E80 /* NSError+MTLModelException.m in Sources */ = {isa = PBXBuildFile; fileRef = 4F45EB501E8DF56F00883E80 /* NSError+MTLModelException.m */; };
		4F45EB651E8DF57000883E80 /* NSObject+MTLComparisonAdditions.m in Sources */ = {isa = PBXBuildFile; fileRef = 4F45EB521E8DF56F00883E80 /* NSObject+MTLComparisonAdditions.m */; };
		4F45EB661E8DF57000883E80 /* NSValueTransformer+MTLInversionAdditions.m in Sources */ = {isa = PBXBuildFile; fileRef = 4F45EB541E8DF56F00883E80 /* NSValueTransformer+MTLInversionAdditions.m */; };
		4F45EB671E8DF57000883E80 /* NSValueTransformer+MTLPredefinedTransformerAdditions.m in Sources */ = {isa = PBXBuildFile; fileRef = 4F45EB561E8DF56F00883E80 /* NSValueTransformer+MTLPredefinedTransformerAdditions.m */; };
		4F45EB681E8DF57000883E80 /* ArrayDataSource.m in Sources */ = {isa = PBXBuildFile; fileRef = 4F45EB591E8DF56F00883E80 /* ArrayDataSource.m */; };
		BC1DBECEEF28E206610D4326 /* libPods-iOSFrameWork.a in Frameworks */ = {isa = PBXBuildFile; fileRef = 7076520221C0E7C5A334C7C2 /* libPods-iOSFrameWork.a */; };
		CFD1C8491E56A3C000EBDDE7 /* main.m in Sources */ = {isa = PBXBuildFile; fileRef = CFD1C8481E56A3C000EBDDE7 /* main.m */; };
		CFD1C84C1E56A3C000EBDDE7 /* AppDelegate.m in Sources */ = {isa = PBXBuildFile; fileRef = CFD1C84B1E56A3C000EBDDE7 /* AppDelegate.m */; };
		CFD1C84F1E56A3C000EBDDE7 /* ViewController.m in Sources */ = {isa = PBXBuildFile; fileRef = CFD1C84E1E56A3C000EBDDE7 /* ViewController.m */; };
		CFD1C8521E56A3C000EBDDE7 /* Main.storyboard in Resources */ = {isa = PBXBuildFile; fileRef = CFD1C8501E56A3C000EBDDE7 /* Main.storyboard */; };
		CFD1C8541E56A3C000EBDDE7 /* Assets.xcassets in Resources */ = {isa = PBXBuildFile; fileRef = CFD1C8531E56A3C000EBDDE7 /* Assets.xcassets */; };
		CFD1C8571E56A3C000EBDDE7 /* LaunchScreen.storyboard in Resources */ = {isa = PBXBuildFile; fileRef = CFD1C8551E56A3C000EBDDE7 /* LaunchScreen.storyboard */; };
		CFD1C8621E56A3C000EBDDE7 /* iOSFrameWorkUITests.m in Sources */ = {isa = PBXBuildFile; fileRef = CFD1C8611E56A3C000EBDDE7 /* iOSFrameWorkUITests.m */; };
		CFD1EABD1E7F812500D05234 /* Localizable.strings in Resources */ = {isa = PBXBuildFile; fileRef = CFD1EABF1E7F812500D05234 /* Localizable.strings */; };
		CFD1EACA1E7F816400D05234 /* InfoPlist.strings in Resources */ = {isa = PBXBuildFile; fileRef = CFD1EACC1E7F816400D05234 /* InfoPlist.strings */; };
		CFDF61E71E8E301F0055602B /* FMDBManager.m in Sources */ = {isa = PBXBuildFile; fileRef = CFDF61E61E8E301F0055602B /* FMDBManager.m */; };
/* End PBXBuildFile section */

/* Begin PBXContainerItemProxy section */
		CFD1C85E1E56A3C000EBDDE7 /* PBXContainerItemProxy */ = {
			isa = PBXContainerItemProxy;
			containerPortal = CFD1C83C1E56A3C000EBDDE7 /* Project object */;
			proxyType = 1;
			remoteGlobalIDString = CFD1C8431E56A3C000EBDDE7;
			remoteInfo = iOSFrameWork;
		};
/* End PBXContainerItemProxy section */

/* Begin PBXFileReference section */
		4F45EAC71E8DF46B00883E80 /* BaseEntity.h */ = {isa = PBXFileReference; fileEncoding = 4; lastKnownFileType = sourcecode.c.h; path = BaseEntity.h; sourceTree = "<group>"; };
		4F45EAC81E8DF46B00883E80 /* BaseEntity.m */ = {isa = PBXFileReference; fileEncoding = 4; lastKnownFileType = sourcecode.c.objc; path = BaseEntity.m; sourceTree = "<group>"; };
		4F45EAC91E8DF46B00883E80 /* LoginEntity.h */ = {isa = PBXFileReference; fileEncoding = 4; lastKnownFileType = sourcecode.c.h; path = LoginEntity.h; sourceTree = "<group>"; };
		4F45EACA1E8DF46B00883E80 /* LoginEntity.m */ = {isa = PBXFileReference; fileEncoding = 4; lastKnownFileType = sourcecode.c.objc; path = LoginEntity.m; sourceTree = "<group>"; };
		4F45EACB1E8DF46B00883E80 /* LoginResultDomainUserEntity.h */ = {isa = PBXFileReference; fileEncoding = 4; lastKnownFileType = sourcecode.c.h; path = LoginResultDomainUserEntity.h; sourceTree = "<group>"; };
		4F45EACC1E8DF46B00883E80 /* LoginResultDomainUserEntity.m */ = {isa = PBXFileReference; fileEncoding = 4; lastKnownFileType = sourcecode.c.objc; path = LoginResultDomainUserEntity.m; sourceTree = "<group>"; };
		4F45EACD1E8DF46B00883E80 /* LoginResultEntity.h */ = {isa = PBXFileReference; fileEncoding = 4; lastKnownFileType = sourcecode.c.h; path = LoginResultEntity.h; sourceTree = "<group>"; };
		4F45EACE1E8DF46B00883E80 /* LoginResultEntity.m */ = {isa = PBXFileReference; fileEncoding = 4; lastKnownFileType = sourcecode.c.objc; path = LoginResultEntity.m; sourceTree = "<group>"; };
		4F45EACF1E8DF46B00883E80 /* SubBaseEntity.h */ = {isa = PBXFileReference; fileEncoding = 4; lastKnownFileType = sourcecode.c.h; path = SubBaseEntity.h; sourceTree = "<group>"; };
		4F45EAD01E8DF46B00883E80 /* SubBaseEntity.m */ = {isa = PBXFileReference; fileEncoding = 4; lastKnownFileType = sourcecode.c.objc; path = SubBaseEntity.m; sourceTree = "<group>"; };
		4F45EAD81E8DF47D00883E80 /* ViewControllerCell.h */ = {isa = PBXFileReference; fileEncoding = 4; lastKnownFileType = sourcecode.c.h; path = ViewControllerCell.h; sourceTree = "<group>"; };
		4F45EAD91E8DF47D00883E80 /* ViewControllerCell.m */ = {isa = PBXFileReference; fileEncoding = 4; lastKnownFileType = sourcecode.c.objc; path = ViewControllerCell.m; sourceTree = "<group>"; };
		4F45EADA1E8DF47D00883E80 /* ViewControllerCell.xib */ = {isa = PBXFileReference; fileEncoding = 4; lastKnownFileType = file.xib; path = ViewControllerCell.xib; sourceTree = "<group>"; };
		4F45EADC1E8DF47D00883E80 /* DemoViewController.h */ = {isa = PBXFileReference; fileEncoding = 4; lastKnownFileType = sourcecode.c.h; path = DemoViewController.h; sourceTree = "<group>"; };
		4F45EADD1E8DF47D00883E80 /* DemoViewController.m */ = {isa = PBXFileReference; fileEncoding = 4; lastKnownFileType = sourcecode.c.objc; path = DemoViewController.m; sourceTree = "<group>"; };
		4F45EAE21E8DF4A500883E80 /* FruitTableAdapter.h */ = {isa = PBXFileReference; fileEncoding = 4; lastKnownFileType = sourcecode.c.h; path = FruitTableAdapter.h; sourceTree = "<group>"; };
		4F45EAE31E8DF4A500883E80 /* FruitTableAdapter.m */ = {isa = PBXFileReference; fileEncoding = 4; lastKnownFileType = sourcecode.c.objc; path = FruitTableAdapter.m; sourceTree = "<group>"; };
		4F45EAE51E8DF4A500883E80 /* HKBaseApi.h */ = {isa = PBXFileReference; fileEncoding = 4; lastKnownFileType = sourcecode.c.h; path = HKBaseApi.h; sourceTree = "<group>"; };
		4F45EAE61E8DF4A500883E80 /* HKBaseApi.m */ = {isa = PBXFileReference; fileEncoding = 4; lastKnownFileType = sourcecode.c.objc; path = HKBaseApi.m; sourceTree = "<group>"; };
		4F45EAE71E8DF4A500883E80 /* LoginApi.h */ = {isa = PBXFileReference; fileEncoding = 4; lastKnownFileType = sourcecode.c.h; path = LoginApi.h; sourceTree = "<group>"; };
		4F45EAE81E8DF4A500883E80 /* LoginApi.m */ = {isa = PBXFileReference; fileEncoding = 4; lastKnownFileType = sourcecode.c.objc; path = LoginApi.m; sourceTree = "<group>"; };
		4F45EB131E8DF4BD00883E80 /* CENTANETKeyChain.h */ = {isa = PBXFileReference; fileEncoding = 4; lastKnownFileType = sourcecode.c.h; path = CENTANETKeyChain.h; sourceTree = "<group>"; };
		4F45EB141E8DF4BD00883E80 /* CENTANETKeyChain.m */ = {isa = PBXFileReference; fileEncoding = 4; lastKnownFileType = sourcecode.c.objc; path = CENTANETKeyChain.m; sourceTree = "<group>"; };
		4F45EB151E8DF4BD00883E80 /* NSString+MD5Additions.h */ = {isa = PBXFileReference; fileEncoding = 4; lastKnownFileType = sourcecode.c.h; path = "NSString+MD5Additions.h"; sourceTree = "<group>"; };
		4F45EB161E8DF4BD00883E80 /* NSString+MD5Additions.m */ = {isa = PBXFileReference; fileEncoding = 4; lastKnownFileType = sourcecode.c.objc; path = "NSString+MD5Additions.m"; sourceTree = "<group>"; };
		4F45EB171E8DF4BD00883E80 /* UIDevice+CENTANETAdditions.h */ = {isa = PBXFileReference; fileEncoding = 4; lastKnownFileType = sourcecode.c.h; path = "UIDevice+CENTANETAdditions.h"; sourceTree = "<group>"; };
		4F45EB181E8DF4BD00883E80 /* UIDevice+CENTANETAdditions.m */ = {isa = PBXFileReference; fileEncoding = 4; lastKnownFileType = sourcecode.c.objc; path = "UIDevice+CENTANETAdditions.m"; sourceTree = "<group>"; };
		4F45EB2E1E8DF4E900883E80 /* FristPresenter.h */ = {isa = PBXFileReference; fileEncoding = 4; lastKnownFileType = sourcecode.c.h; path = FristPresenter.h; sourceTree = "<group>"; };
		4F45EB2F1E8DF4E900883E80 /* FristPresenter.m */ = {isa = PBXFileReference; fileEncoding = 4; lastKnownFileType = sourcecode.c.objc; path = FristPresenter.m; sourceTree = "<group>"; };
		4F45EB301E8DF4E900883E80 /* MainPresenter.h */ = {isa = PBXFileReference; fileEncoding = 4; lastKnownFileType = sourcecode.c.h; path = MainPresenter.h; sourceTree = "<group>"; };
		4F45EB311E8DF4E900883E80 /* MainPresenter.m */ = {isa = PBXFileReference; fileEncoding = 4; lastKnownFileType = sourcecode.c.objc; path = MainPresenter.m; sourceTree = "<group>"; };
		4F45EB351E8DF52A00883E80 /* MainViewDelegate.h */ = {isa = PBXFileReference; fileEncoding = 4; lastKnownFileType = sourcecode.c.h; path = MainViewDelegate.h; sourceTree = "<group>"; };
		4F45EB381E8DF56F00883E80 /* EXTKeyPathCoding.h */ = {isa = PBXFileReference; fileEncoding = 4; lastKnownFileType = sourcecode.c.h; path = EXTKeyPathCoding.h; sourceTree = "<group>"; };
		4F45EB391E8DF56F00883E80 /* EXTRuntimeExtensions.h */ = {isa = PBXFileReference; fileEncoding = 4; lastKnownFileType = sourcecode.c.h; path = EXTRuntimeExtensions.h; sourceTree = "<group>"; };
		4F45EB3A1E8DF56F00883E80 /* EXTRuntimeExtensions.m */ = {isa = PBXFileReference; fileEncoding = 4; lastKnownFileType = sourcecode.c.objc; path = EXTRuntimeExtensions.m; sourceTree = "<group>"; };
		4F45EB3B1E8DF56F00883E80 /* EXTScope.h */ = {isa = PBXFileReference; fileEncoding = 4; lastKnownFileType = sourcecode.c.h; path = EXTScope.h; sourceTree = "<group>"; };
		4F45EB3C1E8DF56F00883E80 /* EXTScope.m */ = {isa = PBXFileReference; fileEncoding = 4; lastKnownFileType = sourcecode.c.objc; path = EXTScope.m; sourceTree = "<group>"; };
		4F45EB3D1E8DF56F00883E80 /* metamacros.h */ = {isa = PBXFileReference; fileEncoding = 4; lastKnownFileType = sourcecode.c.h; path = metamacros.h; sourceTree = "<group>"; };
		4F45EB3E1E8DF56F00883E80 /* Mantle.h */ = {isa = PBXFileReference; fileEncoding = 4; lastKnownFileType = sourcecode.c.h; path = Mantle.h; sourceTree = "<group>"; };
		4F45EB3F1E8DF56F00883E80 /* MTLJSONAdapter.h */ = {isa = PBXFileReference; fileEncoding = 4; lastKnownFileType = sourcecode.c.h; path = MTLJSONAdapter.h; sourceTree = "<group>"; };
		4F45EB401E8DF56F00883E80 /* MTLJSONAdapter.m */ = {isa = PBXFileReference; fileEncoding = 4; lastKnownFileType = sourcecode.c.objc; path = MTLJSONAdapter.m; sourceTree = "<group>"; };
		4F45EB411E8DF56F00883E80 /* MTLManagedObjectAdapter.h */ = {isa = PBXFileReference; fileEncoding = 4; lastKnownFileType = sourcecode.c.h; path = MTLManagedObjectAdapter.h; sourceTree = "<group>"; };
		4F45EB421E8DF56F00883E80 /* MTLManagedObjectAdapter.m */ = {isa = PBXFileReference; fileEncoding = 4; lastKnownFileType = sourcecode.c.objc; path = MTLManagedObjectAdapter.m; sourceTree = "<group>"; };
		4F45EB431E8DF56F00883E80 /* MTLModel+NSCoding.h */ = {isa = PBXFileReference; fileEncoding = 4; lastKnownFileType = sourcecode.c.h; path = "MTLModel+NSCoding.h"; sourceTree = "<group>"; };
		4F45EB441E8DF56F00883E80 /* MTLModel+NSCoding.m */ = {isa = PBXFileReference; fileEncoding = 4; lastKnownFileType = sourcecode.c.objc; path = "MTLModel+NSCoding.m"; sourceTree = "<group>"; };
		4F45EB451E8DF56F00883E80 /* MTLModel.h */ = {isa = PBXFileReference; fileEncoding = 4; lastKnownFileType = sourcecode.c.h; path = MTLModel.h; sourceTree = "<group>"; };
		4F45EB461E8DF56F00883E80 /* MTLModel.m */ = {isa = PBXFileReference; fileEncoding = 4; lastKnownFileType = sourcecode.c.objc; path = MTLModel.m; sourceTree = "<group>"; };
		4F45EB471E8DF56F00883E80 /* MTLReflection.h */ = {isa = PBXFileReference; fileEncoding = 4; lastKnownFileType = sourcecode.c.h; path = MTLReflection.h; sourceTree = "<group>"; };
		4F45EB481E8DF56F00883E80 /* MTLReflection.m */ = {isa = PBXFileReference; fileEncoding = 4; lastKnownFileType = sourcecode.c.objc; path = MTLReflection.m; sourceTree = "<group>"; };
		4F45EB491E8DF56F00883E80 /* MTLValueTransformer.h */ = {isa = PBXFileReference; fileEncoding = 4; lastKnownFileType = sourcecode.c.h; path = MTLValueTransformer.h; sourceTree = "<group>"; };
		4F45EB4A1E8DF56F00883E80 /* MTLValueTransformer.m */ = {isa = PBXFileReference; fileEncoding = 4; lastKnownFileType = sourcecode.c.objc; path = MTLValueTransformer.m; sourceTree = "<group>"; };
		4F45EB4B1E8DF56F00883E80 /* NSArray+MTLManipulationAdditions.h */ = {isa = PBXFileReference; fileEncoding = 4; lastKnownFileType = sourcecode.c.h; path = "NSArray+MTLManipulationAdditions.h"; sourceTree = "<group>"; };
		4F45EB4C1E8DF56F00883E80 /* NSArray+MTLManipulationAdditions.m */ = {isa = PBXFileReference; fileEncoding = 4; lastKnownFileType = sourcecode.c.objc; path = "NSArray+MTLManipulationAdditions.m"; sourceTree = "<group>"; };
		4F45EB4D1E8DF56F00883E80 /* NSDictionary+MTLManipulationAdditions.h */ = {isa = PBXFileReference; fileEncoding = 4; lastKnownFileType = sourcecode.c.h; path = "NSDictionary+MTLManipulationAdditions.h"; sourceTree = "<group>"; };
		4F45EB4E1E8DF56F00883E80 /* NSDictionary+MTLManipulationAdditions.m */ = {isa = PBXFileReference; fileEncoding = 4; lastKnownFileType = sourcecode.c.objc; path = "NSDictionary+MTLManipulationAdditions.m"; sourceTree = "<group>"; };
		4F45EB4F1E8DF56F00883E80 /* NSError+MTLModelException.h */ = {isa = PBXFileReference; fileEncoding = 4; lastKnownFileType = sourcecode.c.h; path = "NSError+MTLModelException.h"; sourceTree = "<group>"; };
		4F45EB501E8DF56F00883E80 /* NSError+MTLModelException.m */ = {isa = PBXFileReference; fileEncoding = 4; lastKnownFileType = sourcecode.c.objc; path = "NSError+MTLModelException.m"; sourceTree = "<group>"; };
		4F45EB511E8DF56F00883E80 /* NSObject+MTLComparisonAdditions.h */ = {isa = PBXFileReference; fileEncoding = 4; lastKnownFileType = sourcecode.c.h; path = "NSObject+MTLComparisonAdditions.h"; sourceTree = "<group>"; };
		4F45EB521E8DF56F00883E80 /* NSObject+MTLComparisonAdditions.m */ = {isa = PBXFileReference; fileEncoding = 4; lastKnownFileType = sourcecode.c.objc; path = "NSObject+MTLComparisonAdditions.m"; sourceTree = "<group>"; };
		4F45EB531E8DF56F00883E80 /* NSValueTransformer+MTLInversionAdditions.h */ = {isa = PBXFileReference; fileEncoding = 4; lastKnownFileType = sourcecode.c.h; path = "NSValueTransformer+MTLInversionAdditions.h"; sourceTree = "<group>"; };
		4F45EB541E8DF56F00883E80 /* NSValueTransformer+MTLInversionAdditions.m */ = {isa = PBXFileReference; fileEncoding = 4; lastKnownFileType = sourcecode.c.objc; path = "NSValueTransformer+MTLInversionAdditions.m"; sourceTree = "<group>"; };
		4F45EB551E8DF56F00883E80 /* NSValueTransformer+MTLPredefinedTransformerAdditions.h */ = {isa = PBXFileReference; fileEncoding = 4; lastKnownFileType = sourcecode.c.h; path = "NSValueTransformer+MTLPredefinedTransformerAdditions.h"; sourceTree = "<group>"; };
		4F45EB561E8DF56F00883E80 /* NSValueTransformer+MTLPredefinedTransformerAdditions.m */ = {isa = PBXFileReference; fileEncoding = 4; lastKnownFileType = sourcecode.c.objc; path = "NSValueTransformer+MTLPredefinedTransformerAdditions.m"; sourceTree = "<group>"; };
		4F45EB581E8DF56F00883E80 /* ArrayDataSource.h */ = {isa = PBXFileReference; fileEncoding = 4; lastKnownFileType = sourcecode.c.h; path = ArrayDataSource.h; sourceTree = "<group>"; };
		4F45EB591E8DF56F00883E80 /* ArrayDataSource.m */ = {isa = PBXFileReference; fileEncoding = 4; lastKnownFileType = sourcecode.c.objc; path = ArrayDataSource.m; sourceTree = "<group>"; };
		7076520221C0E7C5A334C7C2 /* libPods-iOSFrameWork.a */ = {isa = PBXFileReference; explicitFileType = archive.ar; includeInIndex = 0; path = "libPods-iOSFrameWork.a"; sourceTree = BUILT_PRODUCTS_DIR; };
		9B7E41052C46DFF74F426B30 /* Pods-iOSFrameWork.debug.xcconfig */ = {isa = PBXFileReference; includeInIndex = 1; lastKnownFileType = text.xcconfig; name = "Pods-iOSFrameWork.debug.xcconfig"; path = "Pods/Target Support Files/Pods-iOSFrameWork/Pods-iOSFrameWork.debug.xcconfig"; sourceTree = "<group>"; };
		CFD1C8441E56A3C000EBDDE7 /* iOSFrameWork.app */ = {isa = PBXFileReference; explicitFileType = wrapper.application; includeInIndex = 0; path = iOSFrameWork.app; sourceTree = BUILT_PRODUCTS_DIR; };
		CFD1C8481E56A3C000EBDDE7 /* main.m */ = {isa = PBXFileReference; lastKnownFileType = sourcecode.c.objc; path = main.m; sourceTree = "<group>"; };
		CFD1C84A1E56A3C000EBDDE7 /* AppDelegate.h */ = {isa = PBXFileReference; lastKnownFileType = sourcecode.c.h; path = AppDelegate.h; sourceTree = "<group>"; };
		CFD1C84B1E56A3C000EBDDE7 /* AppDelegate.m */ = {isa = PBXFileReference; lastKnownFileType = sourcecode.c.objc; path = AppDelegate.m; sourceTree = "<group>"; };
		CFD1C84D1E56A3C000EBDDE7 /* ViewController.h */ = {isa = PBXFileReference; lastKnownFileType = sourcecode.c.h; path = ViewController.h; sourceTree = "<group>"; };
		CFD1C84E1E56A3C000EBDDE7 /* ViewController.m */ = {isa = PBXFileReference; lastKnownFileType = sourcecode.c.objc; path = ViewController.m; sourceTree = "<group>"; };
		CFD1C8511E56A3C000EBDDE7 /* Base */ = {isa = PBXFileReference; lastKnownFileType = file.storyboard; name = Base; path = Base.lproj/Main.storyboard; sourceTree = "<group>"; };
		CFD1C8531E56A3C000EBDDE7 /* Assets.xcassets */ = {isa = PBXFileReference; lastKnownFileType = folder.assetcatalog; path = Assets.xcassets; sourceTree = "<group>"; };
		CFD1C8561E56A3C000EBDDE7 /* Base */ = {isa = PBXFileReference; lastKnownFileType = file.storyboard; name = Base; path = Base.lproj/LaunchScreen.storyboard; sourceTree = "<group>"; };
		CFD1C8581E56A3C000EBDDE7 /* Info.plist */ = {isa = PBXFileReference; lastKnownFileType = text.plist.xml; path = Info.plist; sourceTree = "<group>"; };
		CFD1C85D1E56A3C000EBDDE7 /* iOSFrameWorkUITests.xctest */ = {isa = PBXFileReference; explicitFileType = wrapper.cfbundle; includeInIndex = 0; path = iOSFrameWorkUITests.xctest; sourceTree = BUILT_PRODUCTS_DIR; };
		CFD1C8611E56A3C000EBDDE7 /* iOSFrameWorkUITests.m */ = {isa = PBXFileReference; lastKnownFileType = sourcecode.c.objc; path = iOSFrameWorkUITests.m; sourceTree = "<group>"; };
		CFD1C8631E56A3C000EBDDE7 /* Info.plist */ = {isa = PBXFileReference; lastKnownFileType = text.plist.xml; path = Info.plist; sourceTree = "<group>"; };
		CFD1EABE1E7F812500D05234 /* Base */ = {isa = PBXFileReference; lastKnownFileType = text.plist.strings; name = Base; path = Base.lproj/Localizable.strings; sourceTree = "<group>"; };
		CFD1EAC01E7F812B00D05234 /* en */ = {isa = PBXFileReference; lastKnownFileType = text.plist.strings; name = en; path = en.lproj/Localizable.strings; sourceTree = "<group>"; };
		CFD1EAC11E7F814300D05234 /* zh-Hans */ = {isa = PBXFileReference; lastKnownFileType = text.plist.strings; name = "zh-Hans"; path = "zh-Hans.lproj/Main.strings"; sourceTree = "<group>"; };
		CFD1EAC21E7F814300D05234 /* zh-Hans */ = {isa = PBXFileReference; lastKnownFileType = text.plist.strings; name = "zh-Hans"; path = "zh-Hans.lproj/LaunchScreen.strings"; sourceTree = "<group>"; };
		CFD1EAC31E7F814300D05234 /* zh-Hans */ = {isa = PBXFileReference; lastKnownFileType = text.plist.strings; name = "zh-Hans"; path = "zh-Hans.lproj/Localizable.strings"; sourceTree = "<group>"; };
		CFD1EAC41E7F814900D05234 /* zh-Hant */ = {isa = PBXFileReference; lastKnownFileType = text.plist.strings; name = "zh-Hant"; path = "zh-Hant.lproj/Main.strings"; sourceTree = "<group>"; };
		CFD1EAC51E7F814900D05234 /* zh-Hant */ = {isa = PBXFileReference; lastKnownFileType = text.plist.strings; name = "zh-Hant"; path = "zh-Hant.lproj/LaunchScreen.strings"; sourceTree = "<group>"; };
		CFD1EAC61E7F814900D05234 /* zh-Hant */ = {isa = PBXFileReference; lastKnownFileType = text.plist.strings; name = "zh-Hant"; path = "zh-Hant.lproj/Localizable.strings"; sourceTree = "<group>"; };
		CFD1EAC71E7F815900D05234 /* zh-Hant-HK */ = {isa = PBXFileReference; lastKnownFileType = text.plist.strings; name = "zh-Hant-HK"; path = "zh-Hant-HK.lproj/Main.strings"; sourceTree = "<group>"; };
		CFD1EAC81E7F815900D05234 /* zh-Hant-HK */ = {isa = PBXFileReference; lastKnownFileType = text.plist.strings; name = "zh-Hant-HK"; path = "zh-Hant-HK.lproj/LaunchScreen.strings"; sourceTree = "<group>"; };
		CFD1EAC91E7F815900D05234 /* zh-Hant-HK */ = {isa = PBXFileReference; lastKnownFileType = text.plist.strings; name = "zh-Hant-HK"; path = "zh-Hant-HK.lproj/Localizable.strings"; sourceTree = "<group>"; };
		CFD1EACB1E7F816400D05234 /* Base */ = {isa = PBXFileReference; lastKnownFileType = text.plist.strings; name = Base; path = Base.lproj/InfoPlist.strings; sourceTree = "<group>"; };
		CFD1EACD1E7F816600D05234 /* en */ = {isa = PBXFileReference; lastKnownFileType = text.plist.strings; name = en; path = en.lproj/InfoPlist.strings; sourceTree = "<group>"; };
		CFD1EACE1E7F816700D05234 /* zh-Hans */ = {isa = PBXFileReference; lastKnownFileType = text.plist.strings; name = "zh-Hans"; path = "zh-Hans.lproj/InfoPlist.strings"; sourceTree = "<group>"; };
		CFD1EACF1E7F816800D05234 /* zh-Hant */ = {isa = PBXFileReference; lastKnownFileType = text.plist.strings; name = "zh-Hant"; path = "zh-Hant.lproj/InfoPlist.strings"; sourceTree = "<group>"; };
		CFD1EAD01E7F816900D05234 /* zh-Hant-HK */ = {isa = PBXFileReference; lastKnownFileType = text.plist.strings; name = "zh-Hant-HK"; path = "zh-Hant-HK.lproj/InfoPlist.strings"; sourceTree = "<group>"; };
		CFDF61E51E8E301F0055602B /* FMDBManager.h */ = {isa = PBXFileReference; fileEncoding = 4; lastKnownFileType = sourcecode.c.h; path = FMDBManager.h; sourceTree = "<group>"; };
		CFDF61E61E8E301F0055602B /* FMDBManager.m */ = {isa = PBXFileReference; fileEncoding = 4; lastKnownFileType = sourcecode.c.objc; path = FMDBManager.m; sourceTree = "<group>"; };
		F15295BF1A3774917305C85A /* Pods-iOSFrameWork.release.xcconfig */ = {isa = PBXFileReference; includeInIndex = 1; lastKnownFileType = text.xcconfig; name = "Pods-iOSFrameWork.release.xcconfig"; path = "Pods/Target Support Files/Pods-iOSFrameWork/Pods-iOSFrameWork.release.xcconfig"; sourceTree = "<group>"; };
/* End PBXFileReference section */

/* Begin PBXFrameworksBuildPhase section */
		CFD1C8411E56A3C000EBDDE7 /* Frameworks */ = {
			isa = PBXFrameworksBuildPhase;
			buildActionMask = 2147483647;
			files = (
				BC1DBECEEF28E206610D4326 /* libPods-iOSFrameWork.a in Frameworks */,
			);
			runOnlyForDeploymentPostprocessing = 0;
		};
		CFD1C85A1E56A3C000EBDDE7 /* Frameworks */ = {
			isa = PBXFrameworksBuildPhase;
			buildActionMask = 2147483647;
			files = (
			);
			runOnlyForDeploymentPostprocessing = 0;
		};
/* End PBXFrameworksBuildPhase section */

/* Begin PBXGroup section */
		4F45EAC41E8DF46B00883E80 /* Model */ = {
			isa = PBXGroup;
			children = (
				4F45EAC51E8DF46B00883E80 /* ReqModel */,
				4F45EAC61E8DF46B00883E80 /* ResModel */,
			);
			path = Model;
			sourceTree = "<group>";
		};
		4F45EAC51E8DF46B00883E80 /* ReqModel */ = {
			isa = PBXGroup;
			children = (
			);
			path = ReqModel;
			sourceTree = "<group>";
		};
		4F45EAC61E8DF46B00883E80 /* ResModel */ = {
			isa = PBXGroup;
			children = (
				4F45EAC71E8DF46B00883E80 /* BaseEntity.h */,
				4F45EAC81E8DF46B00883E80 /* BaseEntity.m */,
				4F45EAC91E8DF46B00883E80 /* LoginEntity.h */,
				4F45EACA1E8DF46B00883E80 /* LoginEntity.m */,
				4F45EACB1E8DF46B00883E80 /* LoginResultDomainUserEntity.h */,
				4F45EACC1E8DF46B00883E80 /* LoginResultDomainUserEntity.m */,
				4F45EACD1E8DF46B00883E80 /* LoginResultEntity.h */,
				4F45EACE1E8DF46B00883E80 /* LoginResultEntity.m */,
				4F45EACF1E8DF46B00883E80 /* SubBaseEntity.h */,
				4F45EAD01E8DF46B00883E80 /* SubBaseEntity.m */,
			);
			path = ResModel;
			sourceTree = "<group>";
		};
		4F45EAD61E8DF47D00883E80 /* View */ = {
			isa = PBXGroup;
			children = (
				4F45EAD71E8DF47D00883E80 /* cell */,
				4F45EADB1E8DF47D00883E80 /* demoVC */,
			);
			path = View;
			sourceTree = "<group>";
		};
		4F45EAD71E8DF47D00883E80 /* cell */ = {
			isa = PBXGroup;
			children = (
				4F45EAD81E8DF47D00883E80 /* ViewControllerCell.h */,
				4F45EAD91E8DF47D00883E80 /* ViewControllerCell.m */,
				4F45EADA1E8DF47D00883E80 /* ViewControllerCell.xib */,
			);
			path = cell;
			sourceTree = "<group>";
		};
		4F45EADB1E8DF47D00883E80 /* demoVC */ = {
			isa = PBXGroup;
			children = (
				4F45EADC1E8DF47D00883E80 /* DemoViewController.h */,
				4F45EADD1E8DF47D00883E80 /* DemoViewController.m */,
			);
			path = demoVC;
			sourceTree = "<group>";
		};
		4F45EAE11E8DF4A500883E80 /* Adapter */ = {
			isa = PBXGroup;
			children = (
				4F45EAE21E8DF4A500883E80 /* FruitTableAdapter.h */,
				4F45EAE31E8DF4A500883E80 /* FruitTableAdapter.m */,
			);
			path = Adapter;
			sourceTree = "<group>";
		};
		4F45EAE41E8DF4A500883E80 /* Api */ = {
			isa = PBXGroup;
			children = (
				4F45EAE51E8DF4A500883E80 /* HKBaseApi.h */,
				4F45EAE61E8DF4A500883E80 /* HKBaseApi.m */,
				4F45EAE71E8DF4A500883E80 /* LoginApi.h */,
				4F45EAE81E8DF4A500883E80 /* LoginApi.m */,
			);
			path = Api;
			sourceTree = "<group>";
		};
		4F45EAEC1E8DF4BD00883E80 /* Common */ = {
			isa = PBXGroup;
			children = (
				4F45EB131E8DF4BD00883E80 /* CENTANETKeyChain.h */,
				4F45EB141E8DF4BD00883E80 /* CENTANETKeyChain.m */,
				4F45EB151E8DF4BD00883E80 /* NSString+MD5Additions.h */,
				4F45EB161E8DF4BD00883E80 /* NSString+MD5Additions.m */,
				4F45EB171E8DF4BD00883E80 /* UIDevice+CENTANETAdditions.h */,
				4F45EB181E8DF4BD00883E80 /* UIDevice+CENTANETAdditions.m */,
			);
			path = Common;
			sourceTree = "<group>";
		};
		4F45EB2D1E8DF4E900883E80 /* Presenter */ = {
			isa = PBXGroup;
			children = (
				4F45EB2E1E8DF4E900883E80 /* FristPresenter.h */,
				4F45EB2F1E8DF4E900883E80 /* FristPresenter.m */,
				4F45EB301E8DF4E900883E80 /* MainPresenter.h */,
				4F45EB311E8DF4E900883E80 /* MainPresenter.m */,
			);
			path = Presenter;
			sourceTree = "<group>";
		};
		4F45EB341E8DF52A00883E80 /* Delegate */ = {
			isa = PBXGroup;
			children = (
				4F45EB351E8DF52A00883E80 /* MainViewDelegate.h */,
			);
			path = Delegate;
			sourceTree = "<group>";
		};
		4F45EB361E8DF56F00883E80 /* Mantle */ = {
			isa = PBXGroup;
			children = (
				4F45EB371E8DF56F00883E80 /* extobjc */,
				4F45EB3E1E8DF56F00883E80 /* Mantle.h */,
				4F45EB3F1E8DF56F00883E80 /* MTLJSONAdapter.h */,
				4F45EB401E8DF56F00883E80 /* MTLJSONAdapter.m */,
				4F45EB411E8DF56F00883E80 /* MTLManagedObjectAdapter.h */,
				4F45EB421E8DF56F00883E80 /* MTLManagedObjectAdapter.m */,
				4F45EB431E8DF56F00883E80 /* MTLModel+NSCoding.h */,
				4F45EB441E8DF56F00883E80 /* MTLModel+NSCoding.m */,
				4F45EB451E8DF56F00883E80 /* MTLModel.h */,
				4F45EB461E8DF56F00883E80 /* MTLModel.m */,
				4F45EB471E8DF56F00883E80 /* MTLReflection.h */,
				4F45EB481E8DF56F00883E80 /* MTLReflection.m */,
				4F45EB491E8DF56F00883E80 /* MTLValueTransformer.h */,
				4F45EB4A1E8DF56F00883E80 /* MTLValueTransformer.m */,
				4F45EB4B1E8DF56F00883E80 /* NSArray+MTLManipulationAdditions.h */,
				4F45EB4C1E8DF56F00883E80 /* NSArray+MTLManipulationAdditions.m */,
				4F45EB4D1E8DF56F00883E80 /* NSDictionary+MTLManipulationAdditions.h */,
				4F45EB4E1E8DF56F00883E80 /* NSDictionary+MTLManipulationAdditions.m */,
				4F45EB4F1E8DF56F00883E80 /* NSError+MTLModelException.h */,
				4F45EB501E8DF56F00883E80 /* NSError+MTLModelException.m */,
				4F45EB511E8DF56F00883E80 /* NSObject+MTLComparisonAdditions.h */,
				4F45EB521E8DF56F00883E80 /* NSObject+MTLComparisonAdditions.m */,
				4F45EB531E8DF56F00883E80 /* NSValueTransformer+MTLInversionAdditions.h */,
				4F45EB541E8DF56F00883E80 /* NSValueTransformer+MTLInversionAdditions.m */,
				4F45EB551E8DF56F00883E80 /* NSValueTransformer+MTLPredefinedTransformerAdditions.h */,
				4F45EB561E8DF56F00883E80 /* NSValueTransformer+MTLPredefinedTransformerAdditions.m */,
			);
			path = Mantle;
			sourceTree = "<group>";
		};
		4F45EB371E8DF56F00883E80 /* extobjc */ = {
			isa = PBXGroup;
			children = (
				4F45EB381E8DF56F00883E80 /* EXTKeyPathCoding.h */,
				4F45EB391E8DF56F00883E80 /* EXTRuntimeExtensions.h */,
				4F45EB3A1E8DF56F00883E80 /* EXTRuntimeExtensions.m */,
				4F45EB3B1E8DF56F00883E80 /* EXTScope.h */,
				4F45EB3C1E8DF56F00883E80 /* EXTScope.m */,
				4F45EB3D1E8DF56F00883E80 /* metamacros.h */,
			);
			path = extobjc;
			sourceTree = "<group>";
		};
		4F45EB571E8DF56F00883E80 /* UITableView */ = {
			isa = PBXGroup;
			children = (
				4F45EB581E8DF56F00883E80 /* ArrayDataSource.h */,
				4F45EB591E8DF56F00883E80 /* ArrayDataSource.m */,
			);
			path = UITableView;
			sourceTree = "<group>";
		};
		74B4780675A195A547AD4790 /* Pods */ = {
			isa = PBXGroup;
			children = (
				9B7E41052C46DFF74F426B30 /* Pods-iOSFrameWork.debug.xcconfig */,
				F15295BF1A3774917305C85A /* Pods-iOSFrameWork.release.xcconfig */,
			);
			name = Pods;
			sourceTree = "<group>";
		};
		852CEF069B6AB5B78250A2DD /* Frameworks */ = {
			isa = PBXGroup;
			children = (
				7076520221C0E7C5A334C7C2 /* libPods-iOSFrameWork.a */,
			);
			name = Frameworks;
			sourceTree = "<group>";
		};
		CF5E4D161E8A044B00D48B57 /* Tools */ = {
			isa = PBXGroup;
			children = (
				CFDF61E51E8E301F0055602B /* FMDBManager.h */,
				CFDF61E61E8E301F0055602B /* FMDBManager.m */,
				4F45EB361E8DF56F00883E80 /* Mantle */,
				4F45EB571E8DF56F00883E80 /* UITableView */,
			);
			path = Tools;
			sourceTree = "<group>";
		};
		CFD1C83B1E56A3C000EBDDE7 = {
			isa = PBXGroup;
			children = (
				CFD1C8461E56A3C000EBDDE7 /* iOSFrameWork */,
				CFD1C8601E56A3C000EBDDE7 /* iOSFrameWorkUITests */,
				CFD1C8451E56A3C000EBDDE7 /* Products */,
				74B4780675A195A547AD4790 /* Pods */,
				852CEF069B6AB5B78250A2DD /* Frameworks */,
			);
			sourceTree = "<group>";
		};
		CFD1C8451E56A3C000EBDDE7 /* Products */ = {
			isa = PBXGroup;
			children = (
				CFD1C8441E56A3C000EBDDE7 /* iOSFrameWork.app */,
				CFD1C85D1E56A3C000EBDDE7 /* iOSFrameWorkUITests.xctest */,
			);
			name = Products;
			sourceTree = "<group>";
		};
		CFD1C8461E56A3C000EBDDE7 /* iOSFrameWork */ = {
			isa = PBXGroup;
			children = (
				4F45EB341E8DF52A00883E80 /* Delegate */,
				4F45EB2D1E8DF4E900883E80 /* Presenter */,
				4F45EAEC1E8DF4BD00883E80 /* Common */,
				4F45EAE11E8DF4A500883E80 /* Adapter */,
				4F45EAE41E8DF4A500883E80 /* Api */,
				4F45EAD61E8DF47D00883E80 /* View */,
				4F45EAC41E8DF46B00883E80 /* Model */,
				CF5E4D161E8A044B00D48B57 /* Tools */,
				CFD1C84A1E56A3C000EBDDE7 /* AppDelegate.h */,
				CFD1C84B1E56A3C000EBDDE7 /* AppDelegate.m */,
				CFD1C84D1E56A3C000EBDDE7 /* ViewController.h */,
				CFD1C84E1E56A3C000EBDDE7 /* ViewController.m */,
				CFD1C8471E56A3C000EBDDE7 /* Supporting Files */,
			);
			path = iOSFrameWork;
			sourceTree = "<group>";
		};
		CFD1C8471E56A3C000EBDDE7 /* Supporting Files */ = {
			isa = PBXGroup;
			children = (
				CFD1C8501E56A3C000EBDDE7 /* Main.storyboard */,
				CFD1C8531E56A3C000EBDDE7 /* Assets.xcassets */,
				CFD1C8551E56A3C000EBDDE7 /* LaunchScreen.storyboard */,
				CFD1C8581E56A3C000EBDDE7 /* Info.plist */,
				CFD1C8481E56A3C000EBDDE7 /* main.m */,
				CFD1EABF1E7F812500D05234 /* Localizable.strings */,
				CFD1EACC1E7F816400D05234 /* InfoPlist.strings */,
			);
			name = "Supporting Files";
			sourceTree = "<group>";
		};
		CFD1C8601E56A3C000EBDDE7 /* iOSFrameWorkUITests */ = {
			isa = PBXGroup;
			children = (
				CFD1C8611E56A3C000EBDDE7 /* iOSFrameWorkUITests.m */,
				CFD1C8631E56A3C000EBDDE7 /* Info.plist */,
			);
			path = iOSFrameWorkUITests;
			sourceTree = "<group>";
		};
/* End PBXGroup section */

/* Begin PBXNativeTarget section */
		CFD1C8431E56A3C000EBDDE7 /* iOSFrameWork */ = {
			isa = PBXNativeTarget;
			buildConfigurationList = CFD1C8661E56A3C000EBDDE7 /* Build configuration list for PBXNativeTarget "iOSFrameWork" */;
			buildPhases = (
				21A378C236F67AF11CDA7D42 /* [CP] Check Pods Manifest.lock */,
				CFD1C8401E56A3C000EBDDE7 /* Sources */,
				CFD1C8411E56A3C000EBDDE7 /* Frameworks */,
				CFD1C8421E56A3C000EBDDE7 /* Resources */,
				34CC621C9D8FF803B879996B /* [CP] Embed Pods Frameworks */,
				D78A106B8BCA1AE0318056D2 /* [CP] Copy Pods Resources */,
			);
			buildRules = (
			);
			dependencies = (
			);
			name = iOSFrameWork;
			productName = iOSFrameWork;
			productReference = CFD1C8441E56A3C000EBDDE7 /* iOSFrameWork.app */;
			productType = "com.apple.product-type.application";
		};
		CFD1C85C1E56A3C000EBDDE7 /* iOSFrameWorkUITests */ = {
			isa = PBXNativeTarget;
			buildConfigurationList = CFD1C8691E56A3C000EBDDE7 /* Build configuration list for PBXNativeTarget "iOSFrameWorkUITests" */;
			buildPhases = (
				CFD1C8591E56A3C000EBDDE7 /* Sources */,
				CFD1C85A1E56A3C000EBDDE7 /* Frameworks */,
				CFD1C85B1E56A3C000EBDDE7 /* Resources */,
			);
			buildRules = (
			);
			dependencies = (
				CFD1C85F1E56A3C000EBDDE7 /* PBXTargetDependency */,
			);
			name = iOSFrameWorkUITests;
			productName = iOSFrameWorkUITests;
			productReference = CFD1C85D1E56A3C000EBDDE7 /* iOSFrameWorkUITests.xctest */;
			productType = "com.apple.product-type.bundle.ui-testing";
		};
/* End PBXNativeTarget section */

/* Begin PBXProject section */
		CFD1C83C1E56A3C000EBDDE7 /* Project object */ = {
			isa = PBXProject;
			attributes = {
				LastUpgradeCheck = 0730;
				ORGANIZATIONNAME = "\U0003中原集团";
				TargetAttributes = {
					CFD1C8431E56A3C000EBDDE7 = {
						CreatedOnToolsVersion = 7.3.1;
					};
					CFD1C85C1E56A3C000EBDDE7 = {
						CreatedOnToolsVersion = 7.3.1;
						TestTargetID = CFD1C8431E56A3C000EBDDE7;
					};
				};
			};
			buildConfigurationList = CFD1C83F1E56A3C000EBDDE7 /* Build configuration list for PBXProject "iOSFrameWork" */;
			compatibilityVersion = "Xcode 3.2";
			developmentRegion = English;
			hasScannedForEncodings = 0;
			knownRegions = (
				en,
				Base,
				"zh-Hans",
				"zh-Hant",
				"zh-Hant-HK",
			);
			mainGroup = CFD1C83B1E56A3C000EBDDE7;
			productRefGroup = CFD1C8451E56A3C000EBDDE7 /* Products */;
			projectDirPath = "";
			projectRoot = "";
			targets = (
				CFD1C8431E56A3C000EBDDE7 /* iOSFrameWork */,
				CFD1C85C1E56A3C000EBDDE7 /* iOSFrameWorkUITests */,
			);
		};
/* End PBXProject section */

/* Begin PBXResourcesBuildPhase section */
		CFD1C8421E56A3C000EBDDE7 /* Resources */ = {
			isa = PBXResourcesBuildPhase;
			buildActionMask = 2147483647;
			files = (
				CFD1C8571E56A3C000EBDDE7 /* LaunchScreen.storyboard in Resources */,
				CFD1EABD1E7F812500D05234 /* Localizable.strings in Resources */,
				CFD1C8541E56A3C000EBDDE7 /* Assets.xcassets in Resources */,
				CFD1C8521E56A3C000EBDDE7 /* Main.storyboard in Resources */,
				4F45EADF1E8DF47D00883E80 /* ViewControllerCell.xib in Resources */,
				CFD1EACA1E7F816400D05234 /* InfoPlist.strings in Resources */,
			);
			runOnlyForDeploymentPostprocessing = 0;
		};
		CFD1C85B1E56A3C000EBDDE7 /* Resources */ = {
			isa = PBXResourcesBuildPhase;
			buildActionMask = 2147483647;
			files = (
			);
			runOnlyForDeploymentPostprocessing = 0;
		};
/* End PBXResourcesBuildPhase section */

/* Begin PBXShellScriptBuildPhase section */
		21A378C236F67AF11CDA7D42 /* [CP] Check Pods Manifest.lock */ = {
			isa = PBXShellScriptBuildPhase;
			buildActionMask = 2147483647;
			files = (
			);
			inputPaths = (
				"${PODS_PODFILE_DIR_PATH}/Podfile.lock",
				"${PODS_ROOT}/Manifest.lock",
			);
			name = "[CP] Check Pods Manifest.lock";
			outputPaths = (
				"$(DERIVED_FILE_DIR)/Pods-iOSFrameWork-checkManifestLockResult.txt",
			);
			runOnlyForDeploymentPostprocessing = 0;
			shellPath = /bin/sh;
			shellScript = "diff \"${PODS_PODFILE_DIR_PATH}/Podfile.lock\" \"${PODS_ROOT}/Manifest.lock\" > /dev/null\nif [ $? != 0 ] ; then\n    # print error to STDERR\n    echo \"error: The sandbox is not in sync with the Podfile.lock. Run 'pod install' or update your CocoaPods installation.\" >&2\n    exit 1\nfi\n# This output is used by Xcode 'outputs' to avoid re-running this script phase.\necho \"SUCCESS\" > \"${SCRIPT_OUTPUT_FILE_0}\"\n";
			showEnvVarsInLog = 0;
		};
		34CC621C9D8FF803B879996B /* [CP] Embed Pods Frameworks */ = {
			isa = PBXShellScriptBuildPhase;
			buildActionMask = 2147483647;
			files = (
			);
			inputPaths = (
			);
			name = "[CP] Embed Pods Frameworks";
			outputPaths = (
			);
			runOnlyForDeploymentPostprocessing = 0;
			shellPath = /bin/sh;
			shellScript = "\"${SRCROOT}/Pods/Target Support Files/Pods-iOSFrameWork/Pods-iOSFrameWork-frameworks.sh\"\n";
			showEnvVarsInLog = 0;
		};
		D78A106B8BCA1AE0318056D2 /* [CP] Copy Pods Resources */ = {
			isa = PBXShellScriptBuildPhase;
			buildActionMask = 2147483647;
			files = (
			);
			inputPaths = (
				"${SRCROOT}/Pods/Target Support Files/Pods-iOSFrameWork/Pods-iOSFrameWork-resources.sh",
				"$PODS_CONFIGURATION_BUILD_DIR/CustomActionsheet/CustomActionsheet.bundle",
				"${PODS_ROOT}/MJRefresh/MJRefresh/MJRefresh.bundle",
				"${PODS_ROOT}/TZImagePickerController/TZImagePickerController/TZImagePickerController/TZImagePickerController.bundle",
				"${PODS_ROOT}/UMengUShare/UShareSDK/UMSocialSDK/UMSocialSDKPromptResources.bundle",
				"${PODS_ROOT}/UMengUShare/UShareSDK/SocialLibraries/Sina/SinaSDK/WeiboSDK.bundle",
				"${PODS_ROOT}/UMengUShare/UShareSDK/UMSocialUI/UMSocialSDKResources.bundle",
			);
			name = "[CP] Copy Pods Resources";
			outputPaths = (
				"${TARGET_BUILD_DIR}/${UNLOCALIZED_RESOURCES_FOLDER_PATH}",
			);
			runOnlyForDeploymentPostprocessing = 0;
			shellPath = /bin/sh;
			shellScript = "\"${SRCROOT}/Pods/Target Support Files/Pods-iOSFrameWork/Pods-iOSFrameWork-resources.sh\"\n";
			showEnvVarsInLog = 0;
		};
/* End PBXShellScriptBuildPhase section */

/* Begin PBXSourcesBuildPhase section */
		CFD1C8401E56A3C000EBDDE7 /* Sources */ = {
			isa = PBXSourcesBuildPhase;
			buildActionMask = 2147483647;
			files = (
				4F45EB321E8DF4E900883E80 /* FristPresenter.m in Sources */,
				4F45EB5B1E8DF57000883E80 /* EXTScope.m in Sources */,
				4F45EAE01E8DF47D00883E80 /* DemoViewController.m in Sources */,
				4F45EB2C1E8DF4BD00883E80 /* UIDevice+CENTANETAdditions.m in Sources */,
				4F45EB681E8DF57000883E80 /* ArrayDataSource.m in Sources */,
				4F45EAE91E8DF4A600883E80 /* FruitTableAdapter.m in Sources */,
				4F45EADE1E8DF47D00883E80 /* ViewControllerCell.m in Sources */,
				4F45EB5E1E8DF57000883E80 /* MTLModel+NSCoding.m in Sources */,
				4F45EB651E8DF57000883E80 /* NSObject+MTLComparisonAdditions.m in Sources */,
				4F45EAD11E8DF46B00883E80 /* BaseEntity.m in Sources */,
				4F45EB641E8DF57000883E80 /* NSError+MTLModelException.m in Sources */,
				4F45EAD21E8DF46B00883E80 /* LoginEntity.m in Sources */,
				4F45EB5D1E8DF57000883E80 /* MTLManagedObjectAdapter.m in Sources */,
				4F45EAD41E8DF46B00883E80 /* LoginResultEntity.m in Sources */,
				4F45EB2A1E8DF4BD00883E80 /* CENTANETKeyChain.m in Sources */,
				CFD1C84F1E56A3C000EBDDE7 /* ViewController.m in Sources */,
				4F45EB331E8DF4E900883E80 /* MainPresenter.m in Sources */,
				4F45EB601E8DF57000883E80 /* MTLReflection.m in Sources */,
				4F45EB5C1E8DF57000883E80 /* MTLJSONAdapter.m in Sources */,
				4F45EB5A1E8DF56F00883E80 /* EXTRuntimeExtensions.m in Sources */,
				4F45EB5F1E8DF57000883E80 /* MTLModel.m in Sources */,
				4F45EAEB1E8DF4A600883E80 /* LoginApi.m in Sources */,
				4F45EB611E8DF57000883E80 /* MTLValueTransformer.m in Sources */,
				4F45EAD31E8DF46B00883E80 /* LoginResultDomainUserEntity.m in Sources */,
				4F45EAD51E8DF46B00883E80 /* SubBaseEntity.m in Sources */,
				CFD1C84C1E56A3C000EBDDE7 /* AppDelegate.m in Sources */,
				4F45EB671E8DF57000883E80 /* NSValueTransformer+MTLPredefinedTransformerAdditions.m in Sources */,
				4F45EB2B1E8DF4BD00883E80 /* NSString+MD5Additions.m in Sources */,
				CFD1C8491E56A3C000EBDDE7 /* main.m in Sources */,
				4F45EB661E8DF57000883E80 /* NSValueTransformer+MTLInversionAdditions.m in Sources */,
				4F45EAEA1E8DF4A600883E80 /* HKBaseApi.m in Sources */,
				4F45EB621E8DF57000883E80 /* NSArray+MTLManipulationAdditions.m in Sources */,
				CFDF61E71E8E301F0055602B /* FMDBManager.m in Sources */,
				4F45EB631E8DF57000883E80 /* NSDictionary+MTLManipulationAdditions.m in Sources */,
			);
			runOnlyForDeploymentPostprocessing = 0;
		};
		CFD1C8591E56A3C000EBDDE7 /* Sources */ = {
			isa = PBXSourcesBuildPhase;
			buildActionMask = 2147483647;
			files = (
				CFD1C8621E56A3C000EBDDE7 /* iOSFrameWorkUITests.m in Sources */,
			);
			runOnlyForDeploymentPostprocessing = 0;
		};
/* End PBXSourcesBuildPhase section */

/* Begin PBXTargetDependency section */
		CFD1C85F1E56A3C000EBDDE7 /* PBXTargetDependency */ = {
			isa = PBXTargetDependency;
			target = CFD1C8431E56A3C000EBDDE7 /* iOSFrameWork */;
			targetProxy = CFD1C85E1E56A3C000EBDDE7 /* PBXContainerItemProxy */;
		};
/* End PBXTargetDependency section */

/* Begin PBXVariantGroup section */
		CFD1C8501E56A3C000EBDDE7 /* Main.storyboard */ = {
			isa = PBXVariantGroup;
			children = (
				CFD1C8511E56A3C000EBDDE7 /* Base */,
				CFD1EAC11E7F814300D05234 /* zh-Hans */,
				CFD1EAC41E7F814900D05234 /* zh-Hant */,
				CFD1EAC71E7F815900D05234 /* zh-Hant-HK */,
			);
			name = Main.storyboard;
			sourceTree = "<group>";
		};
		CFD1C8551E56A3C000EBDDE7 /* LaunchScreen.storyboard */ = {
			isa = PBXVariantGroup;
			children = (
				CFD1C8561E56A3C000EBDDE7 /* Base */,
				CFD1EAC21E7F814300D05234 /* zh-Hans */,
				CFD1EAC51E7F814900D05234 /* zh-Hant */,
				CFD1EAC81E7F815900D05234 /* zh-Hant-HK */,
			);
			name = LaunchScreen.storyboard;
			sourceTree = "<group>";
		};
		CFD1EABF1E7F812500D05234 /* Localizable.strings */ = {
			isa = PBXVariantGroup;
			children = (
				CFD1EABE1E7F812500D05234 /* Base */,
				CFD1EAC01E7F812B00D05234 /* en */,
				CFD1EAC31E7F814300D05234 /* zh-Hans */,
				CFD1EAC61E7F814900D05234 /* zh-Hant */,
				CFD1EAC91E7F815900D05234 /* zh-Hant-HK */,
			);
			name = Localizable.strings;
			sourceTree = "<group>";
		};
		CFD1EACC1E7F816400D05234 /* InfoPlist.strings */ = {
			isa = PBXVariantGroup;
			children = (
				CFD1EACB1E7F816400D05234 /* Base */,
				CFD1EACD1E7F816600D05234 /* en */,
				CFD1EACE1E7F816700D05234 /* zh-Hans */,
				CFD1EACF1E7F816800D05234 /* zh-Hant */,
				CFD1EAD01E7F816900D05234 /* zh-Hant-HK */,
			);
			name = InfoPlist.strings;
			sourceTree = "<group>";
		};
/* End PBXVariantGroup section */

/* Begin XCBuildConfiguration section */
		CFD1C8641E56A3C000EBDDE7 /* Debug */ = {
			isa = XCBuildConfiguration;
			buildSettings = {
				ALWAYS_SEARCH_USER_PATHS = NO;
				CLANG_ANALYZER_NONNULL = YES;
				CLANG_CXX_LANGUAGE_STANDARD = "gnu++0x";
				CLANG_CXX_LIBRARY = "libc++";
				CLANG_ENABLE_MODULES = YES;
				CLANG_ENABLE_OBJC_ARC = YES;
				CLANG_WARN_BOOL_CONVERSION = YES;
				CLANG_WARN_CONSTANT_CONVERSION = YES;
				CLANG_WARN_DIRECT_OBJC_ISA_USAGE = YES_ERROR;
				CLANG_WARN_EMPTY_BODY = YES;
				CLANG_WARN_ENUM_CONVERSION = YES;
				CLANG_WARN_INT_CONVERSION = YES;
				CLANG_WARN_OBJC_ROOT_CLASS = YES_ERROR;
				CLANG_WARN_UNREACHABLE_CODE = YES;
				CLANG_WARN__DUPLICATE_METHOD_MATCH = YES;
				"CODE_SIGN_IDENTITY[sdk=iphoneos*]" = "iPhone Developer";
				COPY_PHASE_STRIP = NO;
				DEBUG_INFORMATION_FORMAT = dwarf;
				ENABLE_STRICT_OBJC_MSGSEND = YES;
				ENABLE_TESTABILITY = YES;
				GCC_C_LANGUAGE_STANDARD = gnu99;
				GCC_DYNAMIC_NO_PIC = NO;
				GCC_NO_COMMON_BLOCKS = YES;
				GCC_OPTIMIZATION_LEVEL = 0;
				GCC_PREPROCESSOR_DEFINITIONS = (
					"DEBUG=1",
					"$(inherited)",
				);
				GCC_WARN_64_TO_32_BIT_CONVERSION = YES;
				GCC_WARN_ABOUT_RETURN_TYPE = YES_ERROR;
				GCC_WARN_UNDECLARED_SELECTOR = YES;
				GCC_WARN_UNINITIALIZED_AUTOS = YES_AGGRESSIVE;
				GCC_WARN_UNUSED_FUNCTION = YES;
				GCC_WARN_UNUSED_VARIABLE = YES;
				IPHONEOS_DEPLOYMENT_TARGET = 8.0;
				MTL_ENABLE_DEBUG_INFO = YES;
				ONLY_ACTIVE_ARCH = YES;
				SDKROOT = iphoneos;
			};
			name = Debug;
		};
		CFD1C8651E56A3C000EBDDE7 /* Release */ = {
			isa = XCBuildConfiguration;
			buildSettings = {
				ALWAYS_SEARCH_USER_PATHS = NO;
				CLANG_ANALYZER_NONNULL = YES;
				CLANG_CXX_LANGUAGE_STANDARD = "gnu++0x";
				CLANG_CXX_LIBRARY = "libc++";
				CLANG_ENABLE_MODULES = YES;
				CLANG_ENABLE_OBJC_ARC = YES;
				CLANG_WARN_BOOL_CONVERSION = YES;
				CLANG_WARN_CONSTANT_CONVERSION = YES;
				CLANG_WARN_DIRECT_OBJC_ISA_USAGE = YES_ERROR;
				CLANG_WARN_EMPTY_BODY = YES;
				CLANG_WARN_ENUM_CONVERSION = YES;
				CLANG_WARN_INT_CONVERSION = YES;
				CLANG_WARN_OBJC_ROOT_CLASS = YES_ERROR;
				CLANG_WARN_UNREACHABLE_CODE = YES;
				CLANG_WARN__DUPLICATE_METHOD_MATCH = YES;
				"CODE_SIGN_IDENTITY[sdk=iphoneos*]" = "iPhone Developer";
				COPY_PHASE_STRIP = NO;
				DEBUG_INFORMATION_FORMAT = "dwarf-with-dsym";
				ENABLE_NS_ASSERTIONS = NO;
				ENABLE_STRICT_OBJC_MSGSEND = YES;
				GCC_C_LANGUAGE_STANDARD = gnu99;
				GCC_NO_COMMON_BLOCKS = YES;
				GCC_WARN_64_TO_32_BIT_CONVERSION = YES;
				GCC_WARN_ABOUT_RETURN_TYPE = YES_ERROR;
				GCC_WARN_UNDECLARED_SELECTOR = YES;
				GCC_WARN_UNINITIALIZED_AUTOS = YES_AGGRESSIVE;
				GCC_WARN_UNUSED_FUNCTION = YES;
				GCC_WARN_UNUSED_VARIABLE = YES;
				IPHONEOS_DEPLOYMENT_TARGET = 8.0;
				MTL_ENABLE_DEBUG_INFO = NO;
				SDKROOT = iphoneos;
				VALIDATE_PRODUCT = YES;
			};
			name = Release;
		};
		CFD1C8671E56A3C000EBDDE7 /* Debug */ = {
			isa = XCBuildConfiguration;
			baseConfigurationReference = 9B7E41052C46DFF74F426B30 /* Pods-iOSFrameWork.debug.xcconfig */;
			buildSettings = {
				ASSETCATALOG_COMPILER_APPICON_NAME = AppIcon;
				INFOPLIST_FILE = iOSFrameWork/Info.plist;
				IPHONEOS_DEPLOYMENT_TARGET = 8.0;
				LD_RUNPATH_SEARCH_PATHS = "$(inherited) @executable_path/Frameworks";
				PRODUCT_BUNDLE_IDENTIFIER = com.centaline.iOSFrameWork;
				PRODUCT_NAME = "$(TARGET_NAME)";
			};
			name = Debug;
		};
		CFD1C8681E56A3C000EBDDE7 /* Release */ = {
			isa = XCBuildConfiguration;
			baseConfigurationReference = F15295BF1A3774917305C85A /* Pods-iOSFrameWork.release.xcconfig */;
			buildSettings = {
				ASSETCATALOG_COMPILER_APPICON_NAME = AppIcon;
				INFOPLIST_FILE = iOSFrameWork/Info.plist;
				IPHONEOS_DEPLOYMENT_TARGET = 8.0;
				LD_RUNPATH_SEARCH_PATHS = "$(inherited) @executable_path/Frameworks";
				PRODUCT_BUNDLE_IDENTIFIER = com.centaline.iOSFrameWork;
				PRODUCT_NAME = "$(TARGET_NAME)";
			};
			name = Release;
		};
		CFD1C86A1E56A3C000EBDDE7 /* Debug */ = {
			isa = XCBuildConfiguration;
			buildSettings = {
				INFOPLIST_FILE = iOSFrameWorkUITests/Info.plist;
				LD_RUNPATH_SEARCH_PATHS = "$(inherited) @executable_path/Frameworks @loader_path/Frameworks";
				PRODUCT_BUNDLE_IDENTIFIER = com.centaline.iOSFrameWorkUITests;
				PRODUCT_NAME = "$(TARGET_NAME)";
				TEST_TARGET_NAME = iOSFrameWork;
			};
			name = Debug;
		};
		CFD1C86B1E56A3C000EBDDE7 /* Release */ = {
			isa = XCBuildConfiguration;
			buildSettings = {
				INFOPLIST_FILE = iOSFrameWorkUITests/Info.plist;
				LD_RUNPATH_SEARCH_PATHS = "$(inherited) @executable_path/Frameworks @loader_path/Frameworks";
				PRODUCT_BUNDLE_IDENTIFIER = com.centaline.iOSFrameWorkUITests;
				PRODUCT_NAME = "$(TARGET_NAME)";
				TEST_TARGET_NAME = iOSFrameWork;
			};
			name = Release;
		};
/* End XCBuildConfiguration section */

/* Begin XCConfigurationList section */
		CFD1C83F1E56A3C000EBDDE7 /* Build configuration list for PBXProject "iOSFrameWork" */ = {
			isa = XCConfigurationList;
			buildConfigurations = (
				CFD1C8641E56A3C000EBDDE7 /* Debug */,
				CFD1C8651E56A3C000EBDDE7 /* Release */,
			);
			defaultConfigurationIsVisible = 0;
			defaultConfigurationName = Release;
		};
		CFD1C8661E56A3C000EBDDE7 /* Build configuration list for PBXNativeTarget "iOSFrameWork" */ = {
			isa = XCConfigurationList;
			buildConfigurations = (
				CFD1C8671E56A3C000EBDDE7 /* Debug */,
				CFD1C8681E56A3C000EBDDE7 /* Release */,
			);
			defaultConfigurationIsVisible = 0;
			defaultConfigurationName = Release;
		};
		CFD1C8691E56A3C000EBDDE7 /* Build configuration list for PBXNativeTarget "iOSFrameWorkUITests" */ = {
			isa = XCConfigurationList;
			buildConfigurations = (
				CFD1C86A1E56A3C000EBDDE7 /* Debug */,
				CFD1C86B1E56A3C000EBDDE7 /* Release */,
			);
			defaultConfigurationIsVisible = 0;
			defaultConfigurationName = Release;
		};
/* End XCConfigurationList section */
	};
	rootObject = CFD1C83C1E56A3C000EBDDE7 /* Project object */;
}
